
Microsoft Visual Studio Solution File, Format Version 12.00
# Visual Studio Version 16
VisualStudioVersion = 16.0.30717.126
MinimumVisualStudioVersion = 10.0.40219.1
Project("{FAE04EC0-301F-11D3-BF4B-00C04F79EFBC}") = "TBSAnalytics", "TBSAnalytics.csproj", "{8B8D1F7C-2BA1-4A78-94C8-747FABD2AB68}"
EndProject
Global
	GlobalSection(SolutionConfigurationPlatforms) = preSolution
		Debug|Any CPU = Debug|Any CPU
		Release|Any CPU = Release|Any CPU
	EndGlobalSection
	GlobalSection(ProjectConfigurationPlatforms) = postSolution
		{8B8D1F7C-2BA1-4A78-94C8-747FABD2AB68}.Debug|Any CPU.ActiveCfg = Debug|Any CPU
		{8B8D1F7C-2BA1-4A78-94C8-747FABD2AB68}.Debug|Any CPU.Build.0 = Debug|Any CPU
		{8B8D1F7C-2BA1-4A78-94C8-747FABD2AB68}.Release|Any CPU.ActiveCfg = Release|Any CPU
		{8B8D1F7C-2BA1-4A78-94C8-747FABD2AB68}.Release|Any CPU.Build.0 = Release|Any CPU
	EndGlobalSection
	GlobalSection(SolutionProperties) = preSolution
		HideSolutionNode = FALSE
	EndGlobalSection
	GlobalSection(ExtensibilityGlobals) = postSolution
		SolutionGuid = {9120C8E1-21CA-4DB8-AFF1-22E80EFFDC98}
	EndGlobalSection
EndGlobal
